
Microsoft Visual Studio Solution File, Format Version 12.00
# Visual Studio Version 17
VisualStudioVersion = 17.10.35013.160
MinimumVisualStudioVersion = 10.0.40219.1
Project("{8BC9CEB8-8B4A-11D0-8D11-00A0C91BC942}") = "string and poiniter", "string and poiniter.vcxproj", "{9B574BD8-12E7-4FE6-84C9-F2D9E6B583BB}"
EndProject
Global
	GlobalSection(SolutionConfigurationPlatforms) = preSolution
		Debug|Win32 = Debug|Win32
		Debug|x64 = Debug|x64
		Debug|x86 = Debug|x86
		Release|Win32 = Release|Win32
		Release|x64 = Release|x64
		Release|x86 = Release|x86
	EndGlobalSection
	GlobalSection(ProjectConfigurationPlatforms) = postSolution
		{9B574BD8-12E7-4FE6-84C9-F2D9E6B583BB}.Debug|Win32.ActiveCfg = Debug|Win32
		{9B574BD8-12E7-4FE6-84C9-F2D9E6B583BB}.Debug|Win32.Build.0 = Debug|Win32
		{9B574BD8-12E7-4FE6-84C9-F2D9E6B583BB}.Debug|x64.ActiveCfg = Debug|Win32
		{9B574BD8-12E7-4FE6-84C9-F2D9E6B583BB}.Debug|x64.Build.0 = Debug|Win32
		{9B574BD8-12E7-4FE6-84C9-F2D9E6B583BB}.Debug|x86.ActiveCfg = Debug|Win32
		{9B574BD8-12E7-4FE6-84C9-F2D9E6B583BB}.Debug|x86.Build.0 = Debug|Win32
		{9B574BD8-12E7-4FE6-84C9-F2D9E6B583BB}.Release|Win32.ActiveCfg = Release|Win32
		{9B574BD8-12E7-4FE6-84C9-F2D9E6B583BB}.Release|Win32.Build.0 = Release|Win32
		{9B574BD8-12E7-4FE6-84C9-F2D9E6B583BB}.Release|x64.ActiveCfg = Release|x64
		{9B574BD8-12E7-4FE6-84C9-F2D9E6B583BB}.Release|x64.Build.0 = Release|x64
		{9B574BD8-12E7-4FE6-84C9-F2D9E6B583BB}.Release|x86.ActiveCfg = Release|Win32
		{9B574BD8-12E7-4FE6-84C9-F2D9E6B583BB}.Release|x86.Build.0 = Release|Win32
	EndGlobalSection
	GlobalSection(SolutionProperties) = preSolution
		HideSolutionNode = FALSE
	EndGlobalSection
	GlobalSection(ExtensibilityGlobals) = postSolution
		SolutionGuid = {DB72FCD1-79A3-4525-BC99-7D254607AB4F}
	EndGlobalSection
EndGlobal
